<?xml version="1.0" encoding="UTF-8"?>
<!DOCTYPE plist PUBLIC "-//Apple//DTD PLIST 1.0//EN" "http://www.apple.com/DTDs/PropertyList-1.0.dtd">
<plist version="1.0">
<dict>
	<key>BuildNumber</key>
	<string>430000100</string>
	<key>BundleIdentifier</key>
	<string>com.barebones.bbedit</string>
	<key>HostIdentifier</key>
	<string>0AEE631A-3161-5DED-BEE0-D2BB52F88CFB</string>
	<key>HostName</key>
	<string>Shakti</string>
	<key>LockDate</key>
	<date>2025-11-09T17:47:27Z</date>
	<key>LockID</key>
	<string>E3A72990-7715-4F63-8081-1C46168E5B9C</string>
	<key>MarketingVersion</key>
	<string>15.5.3</string>
	<key>NetworkVolume</key>
	<false/>
	<key>ProcessIdentifier</key>
	<integer>3305</integer>
	<key>UserName</key>
	<string>dave</string>
	<key>Version</key>
	<integer>3</integer>
	<key>VolumeIdentifier</key>
	<string>09197DA7-FAC7-45EE-8598-94D619406804</string>
</dict>
</plist>
